
Microsoft Visual Studio Solution File, Format Version 12.00
# Visual Studio Version 17
VisualStudioVersion = 17.2.32526.322
MinimumVisualStudioVersion = 10.0.40219.1
Project("{9A19103F-16F7-4668-BE54-9A1E7A4F7556}") = "PlaylistService", "PlaylistService\PlaylistService.csproj", "{1699B46D-A1CC-4914-B3C0-16BB6C487020}"
EndProject
Project("{9A19103F-16F7-4668-BE54-9A1E7A4F7556}") = "MusicDataService", "MusicDataService\MusicDataService.csproj", "{6BB802C3-5AD1-47B1-BE58-B450D9EC6181}"
EndProject
Project("{E53339B2-1760-4266-BCC7-CA923CBCF16C}") = "docker-compose", "docker-compose.dcproj", "{3711ABB1-A082-4865-8F8F-DC6FACD07F42}"
EndProject
Project("{9A19103F-16F7-4668-BE54-9A1E7A4F7556}") = "SearchService", "SearchService\SearchService.csproj", "{E47B63A6-80EC-4AB4-8FE1-F05681C4877F}"
EndProject
Project("{9A19103F-16F7-4668-BE54-9A1E7A4F7556}") = "RadioService", "RadioService\RadioService.csproj", "{8622F06E-2A1E-4A91-AC58-D15B33DD6721}"
EndProject
Project("{9A19103F-16F7-4668-BE54-9A1E7A4F7556}") = "KeycloakAuthProvider", "KeycloakAuthProvider\KeycloakAuthProvider.csproj", "{0DB60A43-5625-468B-93BC-E4C2C6573B6C}"
EndProject
Global
	GlobalSection(SolutionConfigurationPlatforms) = preSolution
		Debug|Any CPU = Debug|Any CPU
		Release|Any CPU = Release|Any CPU
	EndGlobalSection
	GlobalSection(ProjectConfigurationPlatforms) = postSolution
		{1699B46D-A1CC-4914-B3C0-16BB6C487020}.Debug|Any CPU.ActiveCfg = Debug|Any CPU
		{1699B46D-A1CC-4914-B3C0-16BB6C487020}.Debug|Any CPU.Build.0 = Debug|Any CPU
		{1699B46D-A1CC-4914-B3C0-16BB6C487020}.Release|Any CPU.ActiveCfg = Release|Any CPU
		{1699B46D-A1CC-4914-B3C0-16BB6C487020}.Release|Any CPU.Build.0 = Release|Any CPU
		{6BB802C3-5AD1-47B1-BE58-B450D9EC6181}.Debug|Any CPU.ActiveCfg = Debug|Any CPU
		{6BB802C3-5AD1-47B1-BE58-B450D9EC6181}.Debug|Any CPU.Build.0 = Debug|Any CPU
		{6BB802C3-5AD1-47B1-BE58-B450D9EC6181}.Release|Any CPU.ActiveCfg = Release|Any CPU
		{6BB802C3-5AD1-47B1-BE58-B450D9EC6181}.Release|Any CPU.Build.0 = Release|Any CPU
		{3711ABB1-A082-4865-8F8F-DC6FACD07F42}.Debug|Any CPU.ActiveCfg = Debug|Any CPU
		{3711ABB1-A082-4865-8F8F-DC6FACD07F42}.Debug|Any CPU.Build.0 = Debug|Any CPU
		{3711ABB1-A082-4865-8F8F-DC6FACD07F42}.Release|Any CPU.ActiveCfg = Release|Any CPU
		{3711ABB1-A082-4865-8F8F-DC6FACD07F42}.Release|Any CPU.Build.0 = Release|Any CPU
		{E47B63A6-80EC-4AB4-8FE1-F05681C4877F}.Debug|Any CPU.ActiveCfg = Debug|Any CPU
		{E47B63A6-80EC-4AB4-8FE1-F05681C4877F}.Debug|Any CPU.Build.0 = Debug|Any CPU
		{E47B63A6-80EC-4AB4-8FE1-F05681C4877F}.Release|Any CPU.ActiveCfg = Release|Any CPU
		{E47B63A6-80EC-4AB4-8FE1-F05681C4877F}.Release|Any CPU.Build.0 = Release|Any CPU
		{8622F06E-2A1E-4A91-AC58-D15B33DD6721}.Debug|Any CPU.ActiveCfg = Debug|Any CPU
		{8622F06E-2A1E-4A91-AC58-D15B33DD6721}.Debug|Any CPU.Build.0 = Debug|Any CPU
		{8622F06E-2A1E-4A91-AC58-D15B33DD6721}.Release|Any CPU.ActiveCfg = Release|Any CPU
		{8622F06E-2A1E-4A91-AC58-D15B33DD6721}.Release|Any CPU.Build.0 = Release|Any CPU
		{0DB60A43-5625-468B-93BC-E4C2C6573B6C}.Debug|Any CPU.ActiveCfg = Debug|Any CPU
		{0DB60A43-5625-468B-93BC-E4C2C6573B6C}.Debug|Any CPU.Build.0 = Debug|Any CPU
		{0DB60A43-5625-468B-93BC-E4C2C6573B6C}.Release|Any CPU.ActiveCfg = Release|Any CPU
		{0DB60A43-5625-468B-93BC-E4C2C6573B6C}.Release|Any CPU.Build.0 = Release|Any CPU
	EndGlobalSection
	GlobalSection(SolutionProperties) = preSolution
		HideSolutionNode = FALSE
	EndGlobalSection
	GlobalSection(ExtensibilityGlobals) = postSolution
		SolutionGuid = {1F8B30A4-B1D8-4E95-B6A1-BE37CC123586}
	EndGlobalSection
EndGlobal
